// !$*UTF8*$!
{
	archiveVersion = 1;
	classes = {
	};
	objectVersion = 46;
	objects = {

/* Begin PBXBuildFile section */
		C404064D19B75F8B00B109DC /* CGPDFDocument.m in Sources */ = {isa = PBXBuildFile; fileRef = C404062619B75F8B00B109DC /* CGPDFDocument.m */; };
		C404064E19B75F8B00B109DC /* ReaderConstants.m in Sources */ = {isa = PBXBuildFile; fileRef = C404062819B75F8B00B109DC /* ReaderConstants.m */; };
		C404064F19B75F8B00B109DC /* ReaderContentPage.m in Sources */ = {isa = PBXBuildFile; fileRef = C404062A19B75F8B00B109DC /* ReaderContentPage.m */; };
		C404065019B75F8B00B109DC /* ReaderContentTile.m in Sources */ = {isa = PBXBuildFile; fileRef = C404062C19B75F8B00B109DC /* ReaderContentTile.m */; };
		C404065119B75F8B00B109DC /* ReaderContentView.m in Sources */ = {isa = PBXBuildFile; fileRef = C404062E19B75F8B00B109DC /* ReaderContentView.m */; };
		C404065219B75F8B00B109DC /* ReaderDocument.m in Sources */ = {isa = PBXBuildFile; fileRef = C404063019B75F8B00B109DC /* ReaderDocument.m */; };
		C404065319B75F8B00B109DC /* ReaderDocumentOutline.m in Sources */ = {isa = PBXBuildFile; fileRef = C404063219B75F8B00B109DC /* ReaderDocumentOutline.m */; };
		C404065419B75F8B00B109DC /* ReaderMainPagebar.m in Sources */ = {isa = PBXBuildFile; fileRef = C404063419B75F8B00B109DC /* ReaderMainPagebar.m */; };
		C404065519B75F8B00B109DC /* ReaderMainToolbar.m in Sources */ = {isa = PBXBuildFile; fileRef = C404063619B75F8B00B109DC /* ReaderMainToolbar.m */; };
		C404065619B75F8B00B109DC /* ReaderThumbCache.m in Sources */ = {isa = PBXBuildFile; fileRef = C404063819B75F8B00B109DC /* ReaderThumbCache.m */; };
		C404065719B75F8B00B109DC /* ReaderThumbFetch.m in Sources */ = {isa = PBXBuildFile; fileRef = C404063A19B75F8B00B109DC /* ReaderThumbFetch.m */; };
		C404065819B75F8B00B109DC /* ReaderThumbQueue.m in Sources */ = {isa = PBXBuildFile; fileRef = C404063C19B75F8B00B109DC /* ReaderThumbQueue.m */; };
		C404065919B75F8B00B109DC /* ReaderThumbRender.m in Sources */ = {isa = PBXBuildFile; fileRef = C404063E19B75F8B00B109DC /* ReaderThumbRender.m */; };
		C404065A19B75F8B00B109DC /* ReaderThumbRequest.m in Sources */ = {isa = PBXBuildFile; fileRef = C404064019B75F8B00B109DC /* ReaderThumbRequest.m */; };
		C404065B19B75F8B00B109DC /* ReaderThumbsView.m in Sources */ = {isa = PBXBuildFile; fileRef = C404064219B75F8B00B109DC /* ReaderThumbsView.m */; };
		C404065C19B75F8B00B109DC /* ReaderThumbView.m in Sources */ = {isa = PBXBuildFile; fileRef = C404064419B75F8B00B109DC /* ReaderThumbView.m */; };
		C404065D19B75F8B00B109DC /* ReaderViewController.m in Sources */ = {isa = PBXBuildFile; fileRef = C404064619B75F8B00B109DC /* ReaderViewController.m */; };
		C404065E19B75F8B00B109DC /* ThumbsMainToolbar.m in Sources */ = {isa = PBXBuildFile; fileRef = C404064819B75F8B00B109DC /* ThumbsMainToolbar.m */; };
		C404065F19B75F8B00B109DC /* ThumbsViewController.m in Sources */ = {isa = PBXBuildFile; fileRef = C404064A19B75F8B00B109DC /* ThumbsViewController.m */; };
		C404066019B75F8B00B109DC /* UIXToolbarView.m in Sources */ = {isa = PBXBuildFile; fileRef = C404064C19B75F8B00B109DC /* UIXToolbarView.m */; };
		C404067019B75FB300B109DC /* Reader-Button-H.png in Resources */ = {isa = PBXBuildFile; fileRef = C404066219B75FB300B109DC /* Reader-Button-H.png */; };
		C404067119B75FB300B109DC /* Reader-Button-H@2x.png in Resources */ = {isa = PBXBuildFile; fileRef = C404066319B75FB300B109DC /* Reader-Button-H@2x.png */; };
		C404067219B75FB300B109DC /* Reader-Button-N.png in Resources */ = {isa = PBXBuildFile; fileRef = C404066419B75FB300B109DC /* Reader-Button-N.png */; };
		C404067319B75FB300B109DC /* Reader-Button-N@2x.png in Resources */ = {isa = PBXBuildFile; fileRef = C404066519B75FB300B109DC /* Reader-Button-N@2x.png */; };
		C404067419B75FB300B109DC /* Reader-Email.png in Resources */ = {isa = PBXBuildFile; fileRef = C404066619B75FB300B109DC /* Reader-Email.png */; };
		C404067519B75FB300B109DC /* Reader-Email@2x.png in Resources */ = {isa = PBXBuildFile; fileRef = C404066719B75FB300B109DC /* Reader-Email@2x.png */; };
		C404067619B75FB300B109DC /* Reader-Mark-N.png in Resources */ = {isa = PBXBuildFile; fileRef = C404066819B75FB300B109DC /* Reader-Mark-N.png */; };
		C404067719B75FB300B109DC /* Reader-Mark-N@2x.png in Resources */ = {isa = PBXBuildFile; fileRef = C404066919B75FB300B109DC /* Reader-Mark-N@2x.png */; };
		C404067819B75FB300B109DC /* Reader-Mark-Y.png in Resources */ = {isa = PBXBuildFile; fileRef = C404066A19B75FB300B109DC /* Reader-Mark-Y.png */; };
		C404067919B75FB300B109DC /* Reader-Mark-Y@2x.png in Resources */ = {isa = PBXBuildFile; fileRef = C404066B19B75FB300B109DC /* Reader-Mark-Y@2x.png */; };
		C404067A19B75FB300B109DC /* Reader-Print.png in Resources */ = {isa = PBXBuildFile; fileRef = C404066C19B75FB300B109DC /* Reader-Print.png */; };
		C404067B19B75FB300B109DC /* Reader-Print@2x.png in Resources */ = {isa = PBXBuildFile; fileRef = C404066D19B75FB300B109DC /* Reader-Print@2x.png */; };
		C404067C19B75FB300B109DC /* Reader-Thumbs.png in Resources */ = {isa = PBXBuildFile; fileRef = C404066E19B75FB300B109DC /* Reader-Thumbs.png */; };
		C404067D19B75FB300B109DC /* Reader-Thumbs@2x.png in Resources */ = {isa = PBXBuildFile; fileRef = C404066F19B75FB300B109DC /* Reader-Thumbs@2x.png */; };
		C404067F19B7610600B109DC /* MessageUI.framework in Frameworks */ = {isa = PBXBuildFile; fileRef = C404067E19B7610600B109DC /* MessageUI.framework */; };
		C404068119B7611100B109DC /* ImageIO.framework in Frameworks */ = {isa = PBXBuildFile; fileRef = C404068019B7611100B109DC /* ImageIO.framework */; };
		C404068919B7626200B109DC /* ReaderAppDelegate.m in Sources */ = {isa = PBXBuildFile; fileRef = C404068419B7626200B109DC /* ReaderAppDelegate.m */; };
		C404068A19B7626200B109DC /* ReaderBookDelegate.m in Sources */ = {isa = PBXBuildFile; fileRef = C404068619B7626200B109DC /* ReaderBookDelegate.m */; };
		C404068B19B7626200B109DC /* ReaderDemoController.m in Sources */ = {isa = PBXBuildFile; fileRef = C404068819B7626200B109DC /* ReaderDemoController.m */; };
		C404068D19B7644E00B109DC /* Reader.pdf in Resources */ = {isa = PBXBuildFile; fileRef = C404068C19B7644E00B109DC /* Reader.pdf */; };
		C404069019B7649700B109DC /* ReadPdfViewController.m in Sources */ = {isa = PBXBuildFile; fileRef = C404068F19B7649700B109DC /* ReadPdfViewController.m */; };
		C43BD63B19B4C5630038714B /* Foundation.framework in Frameworks */ = {isa = PBXBuildFile; fileRef = C43BD63A19B4C5630038714B /* Foundation.framework */; };
		C43BD63D19B4C5630038714B /* CoreGraphics.framework in Frameworks */ = {isa = PBXBuildFile; fileRef = C43BD63C19B4C5630038714B /* CoreGraphics.framework */; };
		C43BD63F19B4C5630038714B /* UIKit.framework in Frameworks */ = {isa = PBXBuildFile; fileRef = C43BD63E19B4C5630038714B /* UIKit.framework */; };
		C43BD64519B4C5630038714B /* InfoPlist.strings in Resources */ = {isa = PBXBuildFile; fileRef = C43BD64319B4C5630038714B /* InfoPlist.strings */; };
		C43BD64719B4C5630038714B /* main.m in Sources */ = {isa = PBXBuildFile; fileRef = C43BD64619B4C5630038714B /* main.m */; };
		C43BD64B19B4C5630038714B /* AppDelegate.m in Sources */ = {isa = PBXBuildFile; fileRef = C43BD64A19B4C5630038714B /* AppDelegate.m */; };
		C43BD64D19B4C5630038714B /* Images.xcassets in Resources */ = {isa = PBXBuildFile; fileRef = C43BD64C19B4C5630038714B /* Images.xcassets */; };
		C43BD65419B4C5630038714B /* XCTest.framework in Frameworks */ = {isa = PBXBuildFile; fileRef = C43BD65319B4C5630038714B /* XCTest.framework */; };
		C43BD65519B4C5630038714B /* Foundation.framework in Frameworks */ = {isa = PBXBuildFile; fileRef = C43BD63A19B4C5630038714B /* Foundation.framework */; };
		C43BD65619B4C5630038714B /* UIKit.framework in Frameworks */ = {isa = PBXBuildFile; fileRef = C43BD63E19B4C5630038714B /* UIKit.framework */; };
		C43BD65E19B4C5630038714B /* InfoPlist.strings in Resources */ = {isa = PBXBuildFile; fileRef = C43BD65C19B4C5630038714B /* InfoPlist.strings */; };
		C43BD66019B4C5630038714B /* TradingRiskTests.m in Sources */ = {isa = PBXBuildFile; fileRef = C43BD65F19B4C5630038714B /* TradingRiskTests.m */; };
		C43BD66A19B4C5AA0038714B /* Storyboard.storyboard in Resources */ = {isa = PBXBuildFile; fileRef = C43BD66919B4C5AA0038714B /* Storyboard.storyboard */; };
		C43BD66C19B4D8530038714B /* StoreKit.framework in Frameworks */ = {isa = PBXBuildFile; fileRef = C43BD66B19B4D8530038714B /* StoreKit.framework */; };
		C43BD67019B4D8BE0038714B /* IAPHelper.m in Sources */ = {isa = PBXBuildFile; fileRef = C43BD66F19B4D8BE0038714B /* IAPHelper.m */; };
		C43BD67419B4DA7E0038714B /* TradingRiskIAPHelper.m in Sources */ = {isa = PBXBuildFile; fileRef = C43BD67319B4DA7E0038714B /* TradingRiskIAPHelper.m */; };
		C43BD67819B4E0650038714B /* MasterTableViewController.m in Sources */ = {isa = PBXBuildFile; fileRef = C43BD67719B4E0650038714B /* MasterTableViewController.m */; };
		C43BD6B919B612140038714B /* MBProgressHUD.m in Sources */ = {isa = PBXBuildFile; fileRef = C43BD69D19B612140038714B /* MBProgressHUD.m */; };
		C43BD6C619B65C040038714B /* iCarousel.m in Sources */ = {isa = PBXBuildFile; fileRef = C43BD6C519B65C040038714B /* iCarousel.m */; };
		C43BD6C819B65C330038714B /* QuartzCore.framework in Frameworks */ = {isa = PBXBuildFile; fileRef = C43BD6C719B65C330038714B /* QuartzCore.framework */; };
		C43BD6CB19B65E560038714B /* banner.jpg in Resources */ = {isa = PBXBuildFile; fileRef = C43BD6CA19B65E560038714B /* banner.jpg */; };
		C43BD6CE19B6627F0038714B /* MainViewController.m in Sources */ = {isa = PBXBuildFile; fileRef = C43BD6CD19B6627F0038714B /* MainViewController.m */; };
		C43BD6D019B676B10038714B /* magazine.jpg in Resources */ = {isa = PBXBuildFile; fileRef = C43BD6CF19B676B10038714B /* magazine.jpg */; };
		C44E29AA19C1FEA600DAA103 /* LaunchImage.png in Resources */ = {isa = PBXBuildFile; fileRef = C44E29A819C1FEA600DAA103 /* LaunchImage.png */; };
		C44E29AD19C2006100DAA103 /* LaunchImageRetina.png in Resources */ = {isa = PBXBuildFile; fileRef = C44E29AC19C2006100DAA103 /* LaunchImageRetina.png */; };
		C44E29AF19C20FBD00DAA103 /* banner.png in Resources */ = {isa = PBXBuildFile; fileRef = C44E29AE19C20FBD00DAA103 /* banner.png */; };
		C4AAE76C19BE31BD006C1458 /* AFHTTPRequestOperation.m in Sources */ = {isa = PBXBuildFile; fileRef = C4AAE75A19BE31BD006C1458 /* AFHTTPRequestOperation.m */; };
		C4AAE76D19BE31BD006C1458 /* AFHTTPRequestOperationManager.m in Sources */ = {isa = PBXBuildFile; fileRef = C4AAE75C19BE31BD006C1458 /* AFHTTPRequestOperationManager.m */; };
		C4AAE76E19BE31BD006C1458 /* AFHTTPSessionManager.m in Sources */ = {isa = PBXBuildFile; fileRef = C4AAE75E19BE31BD006C1458 /* AFHTTPSessionManager.m */; };
		C4AAE76F19BE31BD006C1458 /* AFNetworkReachabilityManager.m in Sources */ = {isa = PBXBuildFile; fileRef = C4AAE76119BE31BD006C1458 /* AFNetworkReachabilityManager.m */; };
		C4AAE77019BE31BD006C1458 /* AFSecurityPolicy.m in Sources */ = {isa = PBXBuildFile; fileRef = C4AAE76319BE31BD006C1458 /* AFSecurityPolicy.m */; };
		C4AAE77119BE31BD006C1458 /* AFURLConnectionOperation.m in Sources */ = {isa = PBXBuildFile; fileRef = C4AAE76519BE31BD006C1458 /* AFURLConnectionOperation.m */; };
		C4AAE77219BE31BD006C1458 /* AFURLRequestSerialization.m in Sources */ = {isa = PBXBuildFile; fileRef = C4AAE76719BE31BD006C1458 /* AFURLRequestSerialization.m */; };
		C4AAE77319BE31BD006C1458 /* AFURLResponseSerialization.m in Sources */ = {isa = PBXBuildFile; fileRef = C4AAE76919BE31BD006C1458 /* AFURLResponseSerialization.m */; };
		C4AAE77419BE31BD006C1458 /* AFURLSessionManager.m in Sources */ = {isa = PBXBuildFile; fileRef = C4AAE76B19BE31BD006C1458 /* AFURLSessionManager.m */; };
		C4B953EE19C77F7300485B55 /* PagedImageScrollView.m in Sources */ = {isa = PBXBuildFile; fileRef = C4B953ED19C77F7300485B55 /* PagedImageScrollView.m */; };
		C4B953F219C7827300485B55 /* banner2.jpg in Resources */ = {isa = PBXBuildFile; fileRef = C4B953EF19C7827300485B55 /* banner2.jpg */; };
		C4B953F319C7827300485B55 /* banner3.jpg in Resources */ = {isa = PBXBuildFile; fileRef = C4B953F019C7827300485B55 /* banner3.jpg */; };
		C4B953F419C7827300485B55 /* banner4.jpg in Resources */ = {isa = PBXBuildFile; fileRef = C4B953F119C7827300485B55 /* banner4.jpg */; };
		C4FD4B5319C355EC00CD2F23 /* descargar.png in Resources */ = {isa = PBXBuildFile; fileRef = C4FD4B5119C355EC00CD2F23 /* descargar.png */; };
		C4FD4B5419C355EC00CD2F23 /* read.png in Resources */ = {isa = PBXBuildFile; fileRef = C4FD4B5219C355EC00CD2F23 /* read.png */; };
/* End PBXBuildFile section */

/* Begin PBXContainerItemProxy section */
		C43BD65719B4C5630038714B /* PBXContainerItemProxy */ = {
			isa = PBXContainerItemProxy;
			containerPortal = C43BD62F19B4C5630038714B /* Project object */;
			proxyType = 1;
			remoteGlobalIDString = C43BD63619B4C5630038714B;
			remoteInfo = TradingRisk;
		};
/* End PBXContainerItemProxy section */

/* Begin PBXFileReference section */
		C404062519B75F8B00B109DC /* CGPDFDocument.h */ = {isa = PBXFileReference; fileEncoding = 4; lastKnownFileType = sourcecode.c.h; path = CGPDFDocument.h; sourceTree = "<group>"; };
		C404062619B75F8B00B109DC /* CGPDFDocument.m */ = {isa = PBXFileReference; fileEncoding = 4; lastKnownFileType = sourcecode.c.objc; path = CGPDFDocument.m; sourceTree = "<group>"; };
		C404062719B75F8B00B109DC /* ReaderConstants.h */ = {isa = PBXFileReference; fileEncoding = 4; lastKnownFileType = sourcecode.c.h; path = ReaderConstants.h; sourceTree = "<group>"; };
		C404062819B75F8B00B109DC /* ReaderConstants.m */ = {isa = PBXFileReference; fileEncoding = 4; lastKnownFileType = sourcecode.c.objc; path = ReaderConstants.m; sourceTree = "<group>"; };
		C404062919B75F8B00B109DC /* ReaderContentPage.h */ = {isa = PBXFileReference; fileEncoding = 4; lastKnownFileType = sourcecode.c.h; path = ReaderContentPage.h; sourceTree = "<group>"; };
		C404062A19B75F8B00B109DC /* ReaderContentPage.m */ = {isa = PBXFileReference; fileEncoding = 4; lastKnownFileType = sourcecode.c.objc; path = ReaderContentPage.m; sourceTree = "<group>"; };
		C404062B19B75F8B00B109DC /* ReaderContentTile.h */ = {isa = PBXFileReference; fileEncoding = 4; lastKnownFileType = sourcecode.c.h; path = ReaderContentTile.h; sourceTree = "<group>"; };
		C404062C19B75F8B00B109DC /* ReaderContentTile.m */ = {isa = PBXFileReference; fileEncoding = 4; lastKnownFileType = sourcecode.c.objc; path = ReaderContentTile.m; sourceTree = "<group>"; };
		C404062D19B75F8B00B109DC /* ReaderContentView.h */ = {isa = PBXFileReference; fileEncoding = 4; lastKnownFileType = sourcecode.c.h; path = ReaderContentView.h; sourceTree = "<group>"; };
		C404062E19B75F8B00B109DC /* ReaderContentView.m */ = {isa = PBXFileReference; fileEncoding = 4; lastKnownFileType = sourcecode.c.objc; path = ReaderContentView.m; sourceTree = "<group>"; };
		C404062F19B75F8B00B109DC /* ReaderDocument.h */ = {isa = PBXFileReference; fileEncoding = 4; lastKnownFileType = sourcecode.c.h; path = ReaderDocument.h; sourceTree = "<group>"; };
		C404063019B75F8B00B109DC /* ReaderDocument.m */ = {isa = PBXFileReference; fileEncoding = 4; lastKnownFileType = sourcecode.c.objc; path = ReaderDocument.m; sourceTree = "<group>"; };
		C404063119B75F8B00B109DC /* ReaderDocumentOutline.h */ = {isa = PBXFileReference; fileEncoding = 4; lastKnownFileType = sourcecode.c.h; path = ReaderDocumentOutline.h; sourceTree = "<group>"; };
		C404063219B75F8B00B109DC /* ReaderDocumentOutline.m */ = {isa = PBXFileReference; fileEncoding = 4; lastKnownFileType = sourcecode.c.objc; path = ReaderDocumentOutline.m; sourceTree = "<group>"; };
		C404063319B75F8B00B109DC /* ReaderMainPagebar.h */ = {isa = PBXFileReference; fileEncoding = 4; lastKnownFileType = sourcecode.c.h; path = ReaderMainPagebar.h; sourceTree = "<group>"; };
		C404063419B75F8B00B109DC /* ReaderMainPagebar.m */ = {isa = PBXFileReference; fileEncoding = 4; lastKnownFileType = sourcecode.c.objc; path = ReaderMainPagebar.m; sourceTree = "<group>"; };
		C404063519B75F8B00B109DC /* ReaderMainToolbar.h */ = {isa = PBXFileReference; fileEncoding = 4; lastKnownFileType = sourcecode.c.h; path = ReaderMainToolbar.h; sourceTree = "<group>"; };
		C404063619B75F8B00B109DC /* ReaderMainToolbar.m */ = {isa = PBXFileReference; fileEncoding = 4; lastKnownFileType = sourcecode.c.objc; path = ReaderMainToolbar.m; sourceTree = "<group>"; };
		C404063719B75F8B00B109DC /* ReaderThumbCache.h */ = {isa = PBXFileReference; fileEncoding = 4; lastKnownFileType = sourcecode.c.h; path = ReaderThumbCache.h; sourceTree = "<group>"; };
		C404063819B75F8B00B109DC /* ReaderThumbCache.m */ = {isa = PBXFileReference; fileEncoding = 4; lastKnownFileType = sourcecode.c.objc; path = ReaderThumbCache.m; sourceTree = "<group>"; };
		C404063919B75F8B00B109DC /* ReaderThumbFetch.h */ = {isa = PBXFileReference; fileEncoding = 4; lastKnownFileType = sourcecode.c.h; path = ReaderThumbFetch.h; sourceTree = "<group>"; };
		C404063A19B75F8B00B109DC /* ReaderThumbFetch.m */ = {isa = PBXFileReference; fileEncoding = 4; lastKnownFileType = sourcecode.c.objc; path = ReaderThumbFetch.m; sourceTree = "<group>"; };
		C404063B19B75F8B00B109DC /* ReaderThumbQueue.h */ = {isa = PBXFileReference; fileEncoding = 4; lastKnownFileType = sourcecode.c.h; path = ReaderThumbQueue.h; sourceTree = "<group>"; };
		C404063C19B75F8B00B109DC /* ReaderThumbQueue.m */ = {isa = PBXFileReference; fileEncoding = 4; lastKnownFileType = sourcecode.c.objc; path = ReaderThumbQueue.m; sourceTree = "<group>"; };
		C404063D19B75F8B00B109DC /* ReaderThumbRender.h */ = {isa = PBXFileReference; fileEncoding = 4; lastKnownFileType = sourcecode.c.h; path = ReaderThumbRender.h; sourceTree = "<group>"; };
		C404063E19B75F8B00B109DC /* ReaderThumbRender.m */ = {isa = PBXFileReference; fileEncoding = 4; lastKnownFileType = sourcecode.c.objc; path = ReaderThumbRender.m; sourceTree = "<group>"; };
		C404063F19B75F8B00B109DC /* ReaderThumbRequest.h */ = {isa = PBXFileReference; fileEncoding = 4; lastKnownFileType = sourcecode.c.h; path = ReaderThumbRequest.h; sourceTree = "<group>"; };
		C404064019B75F8B00B109DC /* ReaderThumbRequest.m */ = {isa = PBXFileReference; fileEncoding = 4; lastKnownFileType = sourcecode.c.objc; path = ReaderThumbRequest.m; sourceTree = "<group>"; };
		C404064119B75F8B00B109DC /* ReaderThumbsView.h */ = {isa = PBXFileReference; fileEncoding = 4; lastKnownFileType = sourcecode.c.h; path = ReaderThumbsView.h; sourceTree = "<group>"; };
		C404064219B75F8B00B109DC /* ReaderThumbsView.m */ = {isa = PBXFileReference; fileEncoding = 4; lastKnownFileType = sourcecode.c.objc; path = ReaderThumbsView.m; sourceTree = "<group>"; };
		C404064319B75F8B00B109DC /* ReaderThumbView.h */ = {isa = PBXFileReference; fileEncoding = 4; lastKnownFileType = sourcecode.c.h; path = ReaderThumbView.h; sourceTree = "<group>"; };
		C404064419B75F8B00B109DC /* ReaderThumbView.m */ = {isa = PBXFileReference; fileEncoding = 4; lastKnownFileType = sourcecode.c.objc; path = ReaderThumbView.m; sourceTree = "<group>"; };
		C404064519B75F8B00B109DC /* ReaderViewController.h */ = {isa = PBXFileReference; fileEncoding = 4; lastKnownFileType = sourcecode.c.h; path = ReaderViewController.h; sourceTree = "<group>"; };
		C404064619B75F8B00B109DC /* ReaderViewController.m */ = {isa = PBXFileReference; fileEncoding = 4; lastKnownFileType = sourcecode.c.objc; path = ReaderViewController.m; sourceTree = "<group>"; };
		C404064719B75F8B00B109DC /* ThumbsMainToolbar.h */ = {isa = PBXFileReference; fileEncoding = 4; lastKnownFileType = sourcecode.c.h; path = ThumbsMainToolbar.h; sourceTree = "<group>"; };
		C404064819B75F8B00B109DC /* ThumbsMainToolbar.m */ = {isa = PBXFileReference; fileEncoding = 4; lastKnownFileType = sourcecode.c.objc; path = ThumbsMainToolbar.m; sourceTree = "<group>"; };
		C404064919B75F8B00B109DC /* ThumbsViewController.h */ = {isa = PBXFileReference; fileEncoding = 4; lastKnownFileType = sourcecode.c.h; path = ThumbsViewController.h; sourceTree = "<group>"; };
		C404064A19B75F8B00B109DC /* ThumbsViewController.m */ = {isa = PBXFileReference; fileEncoding = 4; lastKnownFileType = sourcecode.c.objc; path = ThumbsViewController.m; sourceTree = "<group>"; };
		C404064B19B75F8B00B109DC /* UIXToolbarView.h */ = {isa = PBXFileReference; fileEncoding = 4; lastKnownFileType = sourcecode.c.h; path = UIXToolbarView.h; sourceTree = "<group>"; };
		C404064C19B75F8B00B109DC /* UIXToolbarView.m */ = {isa = PBXFileReference; fileEncoding = 4; lastKnownFileType = sourcecode.c.objc; path = UIXToolbarView.m; sourceTree = "<group>"; };
		C404066219B75FB300B109DC /* Reader-Button-H.png */ = {isa = PBXFileReference; lastKnownFileType = image.png; path = "Reader-Button-H.png"; sourceTree = "<group>"; };
		C404066319B75FB300B109DC /* Reader-Button-H@2x.png */ = {isa = PBXFileReference; lastKnownFileType = image.png; path = "Reader-Button-H@2x.png"; sourceTree = "<group>"; };
		C404066419B75FB300B109DC /* Reader-Button-N.png */ = {isa = PBXFileReference; lastKnownFileType = image.png; path = "Reader-Button-N.png"; sourceTree = "<group>"; };
		C404066519B75FB300B109DC /* Reader-Button-N@2x.png */ = {isa = PBXFileReference; lastKnownFileType = image.png; path = "Reader-Button-N@2x.png"; sourceTree = "<group>"; };
		C404066619B75FB300B109DC /* Reader-Email.png */ = {isa = PBXFileReference; lastKnownFileType = image.png; path = "Reader-Email.png"; sourceTree = "<group>"; };
		C404066719B75FB300B109DC /* Reader-Email@2x.png */ = {isa = PBXFileReference; lastKnownFileType = image.png; path = "Reader-Email@2x.png"; sourceTree = "<group>"; };
		C404066819B75FB300B109DC /* Reader-Mark-N.png */ = {isa = PBXFileReference; lastKnownFileType = image.png; path = "Reader-Mark-N.png"; sourceTree = "<group>"; };
		C404066919B75FB300B109DC /* Reader-Mark-N@2x.png */ = {isa = PBXFileReference; lastKnownFileType = image.png; path = "Reader-Mark-N@2x.png"; sourceTree = "<group>"; };
		C404066A19B75FB300B109DC /* Reader-Mark-Y.png */ = {isa = PBXFileReference; lastKnownFileType = image.png; path = "Reader-Mark-Y.png"; sourceTree = "<group>"; };
		C404066B19B75FB300B109DC /* Reader-Mark-Y@2x.png */ = {isa = PBXFileReference; lastKnownFileType = image.png; path = "Reader-Mark-Y@2x.png"; sourceTree = "<group>"; };
		C404066C19B75FB300B109DC /* Reader-Print.png */ = {isa = PBXFileReference; lastKnownFileType = image.png; path = "Reader-Print.png"; sourceTree = "<group>"; };
		C404066D19B75FB300B109DC /* Reader-Print@2x.png */ = {isa = PBXFileReference; lastKnownFileType = image.png; path = "Reader-Print@2x.png"; sourceTree = "<group>"; };
		C404066E19B75FB300B109DC /* Reader-Thumbs.png */ = {isa = PBXFileReference; lastKnownFileType = image.png; path = "Reader-Thumbs.png"; sourceTree = "<group>"; };
		C404066F19B75FB300B109DC /* Reader-Thumbs@2x.png */ = {isa = PBXFileReference; lastKnownFileType = image.png; path = "Reader-Thumbs@2x.png"; sourceTree = "<group>"; };
		C404067E19B7610600B109DC /* MessageUI.framework */ = {isa = PBXFileReference; lastKnownFileType = wrapper.framework; name = MessageUI.framework; path = System/Library/Frameworks/MessageUI.framework; sourceTree = SDKROOT; };
		C404068019B7611100B109DC /* ImageIO.framework */ = {isa = PBXFileReference; lastKnownFileType = wrapper.framework; name = ImageIO.framework; path = System/Library/Frameworks/ImageIO.framework; sourceTree = SDKROOT; };
		C404068319B7626200B109DC /* ReaderAppDelegate.h */ = {isa = PBXFileReference; fileEncoding = 4; lastKnownFileType = sourcecode.c.h; path = ReaderAppDelegate.h; sourceTree = "<group>"; };
		C404068419B7626200B109DC /* ReaderAppDelegate.m */ = {isa = PBXFileReference; fileEncoding = 4; lastKnownFileType = sourcecode.c.objc; path = ReaderAppDelegate.m; sourceTree = "<group>"; };
		C404068519B7626200B109DC /* ReaderBookDelegate.h */ = {isa = PBXFileReference; fileEncoding = 4; lastKnownFileType = sourcecode.c.h; path = ReaderBookDelegate.h; sourceTree = "<group>"; };
		C404068619B7626200B109DC /* ReaderBookDelegate.m */ = {isa = PBXFileReference; fileEncoding = 4; lastKnownFileType = sourcecode.c.objc; path = ReaderBookDelegate.m; sourceTree = "<group>"; };
		C404068719B7626200B109DC /* ReaderDemoController.h */ = {isa = PBXFileReference; fileEncoding = 4; lastKnownFileType = sourcecode.c.h; path = ReaderDemoController.h; sourceTree = "<group>"; };
		C404068819B7626200B109DC /* ReaderDemoController.m */ = {isa = PBXFileReference; fileEncoding = 4; lastKnownFileType = sourcecode.c.objc; path = ReaderDemoController.m; sourceTree = "<group>"; };
		C404068C19B7644E00B109DC /* Reader.pdf */ = {isa = PBXFileReference; lastKnownFileType = image.pdf; path = Reader.pdf; sourceTree = "<group>"; };
		C404068E19B7649700B109DC /* ReadPdfViewController.h */ = {isa = PBXFileReference; fileEncoding = 4; lastKnownFileType = sourcecode.c.h; path = ReadPdfViewController.h; sourceTree = "<group>"; };
		C404068F19B7649700B109DC /* ReadPdfViewController.m */ = {isa = PBXFileReference; fileEncoding = 4; lastKnownFileType = sourcecode.c.objc; path = ReadPdfViewController.m; sourceTree = "<group>"; };
		C43BD63719B4C5630038714B /* TradingRisk.app */ = {isa = PBXFileReference; explicitFileType = wrapper.application; includeInIndex = 0; path = TradingRisk.app; sourceTree = BUILT_PRODUCTS_DIR; };
		C43BD63A19B4C5630038714B /* Foundation.framework */ = {isa = PBXFileReference; lastKnownFileType = wrapper.framework; name = Foundation.framework; path = System/Library/Frameworks/Foundation.framework; sourceTree = SDKROOT; };
		C43BD63C19B4C5630038714B /* CoreGraphics.framework */ = {isa = PBXFileReference; lastKnownFileType = wrapper.framework; name = CoreGraphics.framework; path = System/Library/Frameworks/CoreGraphics.framework; sourceTree = SDKROOT; };
		C43BD63E19B4C5630038714B /* UIKit.framework */ = {isa = PBXFileReference; lastKnownFileType = wrapper.framework; name = UIKit.framework; path = System/Library/Frameworks/UIKit.framework; sourceTree = SDKROOT; };
		C43BD64219B4C5630038714B /* TradingRisk-Info.plist */ = {isa = PBXFileReference; lastKnownFileType = text.plist.xml; path = "TradingRisk-Info.plist"; sourceTree = "<group>"; };
		C43BD64419B4C5630038714B /* en */ = {isa = PBXFileReference; lastKnownFileType = text.plist.strings; name = en; path = en.lproj/InfoPlist.strings; sourceTree = "<group>"; };
		C43BD64619B4C5630038714B /* main.m */ = {isa = PBXFileReference; lastKnownFileType = sourcecode.c.objc; path = main.m; sourceTree = "<group>"; };
		C43BD64819B4C5630038714B /* TradingRisk-Prefix.pch */ = {isa = PBXFileReference; lastKnownFileType = sourcecode.c.h; path = "TradingRisk-Prefix.pch"; sourceTree = "<group>"; };
		C43BD64919B4C5630038714B /* AppDelegate.h */ = {isa = PBXFileReference; lastKnownFileType = sourcecode.c.h; path = AppDelegate.h; sourceTree = "<group>"; };
		C43BD64A19B4C5630038714B /* AppDelegate.m */ = {isa = PBXFileReference; lastKnownFileType = sourcecode.c.objc; path = AppDelegate.m; sourceTree = "<group>"; };
		C43BD64C19B4C5630038714B /* Images.xcassets */ = {isa = PBXFileReference; lastKnownFileType = folder.assetcatalog; path = Images.xcassets; sourceTree = "<group>"; };
		C43BD65219B4C5630038714B /* TradingRiskTests.xctest */ = {isa = PBXFileReference; explicitFileType = wrapper.cfbundle; includeInIndex = 0; path = TradingRiskTests.xctest; sourceTree = BUILT_PRODUCTS_DIR; };
		C43BD65319B4C5630038714B /* XCTest.framework */ = {isa = PBXFileReference; lastKnownFileType = wrapper.framework; name = XCTest.framework; path = Library/Frameworks/XCTest.framework; sourceTree = DEVELOPER_DIR; };
		C43BD65B19B4C5630038714B /* TradingRiskTests-Info.plist */ = {isa = PBXFileReference; lastKnownFileType = text.plist.xml; path = "TradingRiskTests-Info.plist"; sourceTree = "<group>"; };
		C43BD65D19B4C5630038714B /* en */ = {isa = PBXFileReference; lastKnownFileType = text.plist.strings; name = en; path = en.lproj/InfoPlist.strings; sourceTree = "<group>"; };
		C43BD65F19B4C5630038714B /* TradingRiskTests.m */ = {isa = PBXFileReference; lastKnownFileType = sourcecode.c.objc; path = TradingRiskTests.m; sourceTree = "<group>"; };
		C43BD66919B4C5AA0038714B /* Storyboard.storyboard */ = {isa = PBXFileReference; fileEncoding = 4; lastKnownFileType = file.storyboard; path = Storyboard.storyboard; sourceTree = "<group>"; };
		C43BD66B19B4D8530038714B /* StoreKit.framework */ = {isa = PBXFileReference; lastKnownFileType = wrapper.framework; name = StoreKit.framework; path = System/Library/Frameworks/StoreKit.framework; sourceTree = SDKROOT; };
		C43BD66E19B4D8BE0038714B /* IAPHelper.h */ = {isa = PBXFileReference; fileEncoding = 4; lastKnownFileType = sourcecode.c.h; path = IAPHelper.h; sourceTree = "<group>"; };
		C43BD66F19B4D8BE0038714B /* IAPHelper.m */ = {isa = PBXFileReference; fileEncoding = 4; lastKnownFileType = sourcecode.c.objc; path = IAPHelper.m; sourceTree = "<group>"; };
		C43BD67219B4DA7E0038714B /* TradingRiskIAPHelper.h */ = {isa = PBXFileReference; fileEncoding = 4; lastKnownFileType = sourcecode.c.h; path = TradingRiskIAPHelper.h; sourceTree = "<group>"; };
		C43BD67319B4DA7E0038714B /* TradingRiskIAPHelper.m */ = {isa = PBXFileReference; fileEncoding = 4; lastKnownFileType = sourcecode.c.objc; path = TradingRiskIAPHelper.m; sourceTree = "<group>"; };
		C43BD67619B4E0650038714B /* MasterTableViewController.h */ = {isa = PBXFileReference; fileEncoding = 4; lastKnownFileType = sourcecode.c.h; path = MasterTableViewController.h; sourceTree = "<group>"; };
		C43BD67719B4E0650038714B /* MasterTableViewController.m */ = {isa = PBXFileReference; fileEncoding = 4; lastKnownFileType = sourcecode.c.objc; path = MasterTableViewController.m; sourceTree = "<group>"; };
		C43BD69C19B612130038714B /* MBProgressHUD.h */ = {isa = PBXFileReference; fileEncoding = 4; lastKnownFileType = sourcecode.c.h; path = MBProgressHUD.h; sourceTree = "<group>"; };
		C43BD69D19B612140038714B /* MBProgressHUD.m */ = {isa = PBXFileReference; fileEncoding = 4; lastKnownFileType = sourcecode.c.objc; path = MBProgressHUD.m; sourceTree = "<group>"; };
		C43BD6C419B65C040038714B /* iCarousel.h */ = {isa = PBXFileReference; fileEncoding = 4; lastKnownFileType = sourcecode.c.h; path = iCarousel.h; sourceTree = "<group>"; };
		C43BD6C519B65C040038714B /* iCarousel.m */ = {isa = PBXFileReference; fileEncoding = 4; lastKnownFileType = sourcecode.c.objc; path = iCarousel.m; sourceTree = "<group>"; };
		C43BD6C719B65C330038714B /* QuartzCore.framework */ = {isa = PBXFileReference; lastKnownFileType = wrapper.framework; name = QuartzCore.framework; path = System/Library/Frameworks/QuartzCore.framework; sourceTree = SDKROOT; };
		C43BD6CA19B65E560038714B /* banner.jpg */ = {isa = PBXFileReference; lastKnownFileType = image.jpeg; path = banner.jpg; sourceTree = "<group>"; };
		C43BD6CC19B6627F0038714B /* MainViewController.h */ = {isa = PBXFileReference; fileEncoding = 4; lastKnownFileType = sourcecode.c.h; path = MainViewController.h; sourceTree = "<group>"; };
		C43BD6CD19B6627F0038714B /* MainViewController.m */ = {isa = PBXFileReference; fileEncoding = 4; lastKnownFileType = sourcecode.c.objc; path = MainViewController.m; sourceTree = "<group>"; };
		C43BD6CF19B676B10038714B /* magazine.jpg */ = {isa = PBXFileReference; lastKnownFileType = image.jpeg; path = magazine.jpg; sourceTree = "<group>"; };
		C44E29A819C1FEA600DAA103 /* LaunchImage.png */ = {isa = PBXFileReference; lastKnownFileType = image.png; path = LaunchImage.png; sourceTree = "<group>"; };
		C44E29AC19C2006100DAA103 /* LaunchImageRetina.png */ = {isa = PBXFileReference; lastKnownFileType = image.png; path = LaunchImageRetina.png; sourceTree = "<group>"; };
		C44E29AE19C20FBD00DAA103 /* banner.png */ = {isa = PBXFileReference; lastKnownFileType = image.png; path = banner.png; sourceTree = "<group>"; };
		C4AAE75919BE31BD006C1458 /* AFHTTPRequestOperation.h */ = {isa = PBXFileReference; fileEncoding = 4; lastKnownFileType = sourcecode.c.h; path = AFHTTPRequestOperation.h; sourceTree = "<group>"; };
		C4AAE75A19BE31BD006C1458 /* AFHTTPRequestOperation.m */ = {isa = PBXFileReference; fileEncoding = 4; lastKnownFileType = sourcecode.c.objc; path = AFHTTPRequestOperation.m; sourceTree = "<group>"; };
		C4AAE75B19BE31BD006C1458 /* AFHTTPRequestOperationManager.h */ = {isa = PBXFileReference; fileEncoding = 4; lastKnownFileType = sourcecode.c.h; path = AFHTTPRequestOperationManager.h; sourceTree = "<group>"; };
		C4AAE75C19BE31BD006C1458 /* AFHTTPRequestOperationManager.m */ = {isa = PBXFileReference; fileEncoding = 4; lastKnownFileType = sourcecode.c.objc; path = AFHTTPRequestOperationManager.m; sourceTree = "<group>"; };
		C4AAE75D19BE31BD006C1458 /* AFHTTPSessionManager.h */ = {isa = PBXFileReference; fileEncoding = 4; lastKnownFileType = sourcecode.c.h; path = AFHTTPSessionManager.h; sourceTree = "<group>"; };
		C4AAE75E19BE31BD006C1458 /* AFHTTPSessionManager.m */ = {isa = PBXFileReference; fileEncoding = 4; lastKnownFileType = sourcecode.c.objc; path = AFHTTPSessionManager.m; sourceTree = "<group>"; };
		C4AAE75F19BE31BD006C1458 /* AFNetworking.h */ = {isa = PBXFileReference; fileEncoding = 4; lastKnownFileType = sourcecode.c.h; path = AFNetworking.h; sourceTree = "<group>"; };
		C4AAE76019BE31BD006C1458 /* AFNetworkReachabilityManager.h */ = {isa = PBXFileReference; fileEncoding = 4; lastKnownFileType = sourcecode.c.h; path = AFNetworkReachabilityManager.h; sourceTree = "<group>"; };
		C4AAE76119BE31BD006C1458 /* AFNetworkReachabilityManager.m */ = {isa = PBXFileReference; fileEncoding = 4; lastKnownFileType = sourcecode.c.objc; path = AFNetworkReachabilityManager.m; sourceTree = "<group>"; };
		C4AAE76219BE31BD006C1458 /* AFSecurityPolicy.h */ = {isa = PBXFileReference; fileEncoding = 4; lastKnownFileType = sourcecode.c.h; path = AFSecurityPolicy.h; sourceTree = "<group>"; };
		C4AAE76319BE31BD006C1458 /* AFSecurityPolicy.m */ = {isa = PBXFileReference; fileEncoding = 4; lastKnownFileType = sourcecode.c.objc; path = AFSecurityPolicy.m; sourceTree = "<group>"; };
		C4AAE76419BE31BD006C1458 /* AFURLConnectionOperation.h */ = {isa = PBXFileReference; fileEncoding = 4; lastKnownFileType = sourcecode.c.h; path = AFURLConnectionOperation.h; sourceTree = "<group>"; };
		C4AAE76519BE31BD006C1458 /* AFURLConnectionOperation.m */ = {isa = PBXFileReference; fileEncoding = 4; lastKnownFileType = sourcecode.c.objc; path = AFURLConnectionOperation.m; sourceTree = "<group>"; };
		C4AAE76619BE31BD006C1458 /* AFURLRequestSerialization.h */ = {isa = PBXFileReference; fileEncoding = 4; lastKnownFileType = sourcecode.c.h; path = AFURLRequestSerialization.h; sourceTree = "<group>"; };
		C4AAE76719BE31BD006C1458 /* AFURLRequestSerialization.m */ = {isa = PBXFileReference; fileEncoding = 4; lastKnownFileType = sourcecode.c.objc; path = AFURLRequestSerialization.m; sourceTree = "<group>"; };
		C4AAE76819BE31BD006C1458 /* AFURLResponseSerialization.h */ = {isa = PBXFileReference; fileEncoding = 4; lastKnownFileType = sourcecode.c.h; path = AFURLResponseSerialization.h; sourceTree = "<group>"; };
		C4AAE76919BE31BD006C1458 /* AFURLResponseSerialization.m */ = {isa = PBXFileReference; fileEncoding = 4; lastKnownFileType = sourcecode.c.objc; path = AFURLResponseSerialization.m; sourceTree = "<group>"; };
		C4AAE76A19BE31BD006C1458 /* AFURLSessionManager.h */ = {isa = PBXFileReference; fileEncoding = 4; lastKnownFileType = sourcecode.c.h; path = AFURLSessionManager.h; sourceTree = "<group>"; };
		C4AAE76B19BE31BD006C1458 /* AFURLSessionManager.m */ = {isa = PBXFileReference; fileEncoding = 4; lastKnownFileType = sourcecode.c.objc; path = AFURLSessionManager.m; sourceTree = "<group>"; };
		C4B953EC19C77F7300485B55 /* PagedImageScrollView.h */ = {isa = PBXFileReference; fileEncoding = 4; lastKnownFileType = sourcecode.c.h; path = PagedImageScrollView.h; sourceTree = "<group>"; };
		C4B953ED19C77F7300485B55 /* PagedImageScrollView.m */ = {isa = PBXFileReference; fileEncoding = 4; lastKnownFileType = sourcecode.c.objc; path = PagedImageScrollView.m; sourceTree = "<group>"; };
		C4B953EF19C7827300485B55 /* banner2.jpg */ = {isa = PBXFileReference; lastKnownFileType = image.jpeg; path = banner2.jpg; sourceTree = "<group>"; };
		C4B953F019C7827300485B55 /* banner3.jpg */ = {isa = PBXFileReference; lastKnownFileType = image.jpeg; path = banner3.jpg; sourceTree = "<group>"; };
		C4B953F119C7827300485B55 /* banner4.jpg */ = {isa = PBXFileReference; lastKnownFileType = image.jpeg; path = banner4.jpg; sourceTree = "<group>"; };
		C4FD4B5119C355EC00CD2F23 /* descargar.png */ = {isa = PBXFileReference; lastKnownFileType = image.png; path = descargar.png; sourceTree = "<group>"; };
		C4FD4B5219C355EC00CD2F23 /* read.png */ = {isa = PBXFileReference; lastKnownFileType = image.png; path = read.png; sourceTree = "<group>"; };
/* End PBXFileReference section */

/* Begin PBXFrameworksBuildPhase section */
		C43BD63419B4C5630038714B /* Frameworks */ = {
			isa = PBXFrameworksBuildPhase;
			buildActionMask = 2147483647;
			files = (
				C404068119B7611100B109DC /* ImageIO.framework in Frameworks */,
				C404067F19B7610600B109DC /* MessageUI.framework in Frameworks */,
				C43BD6C819B65C330038714B /* QuartzCore.framework in Frameworks */,
				C43BD66C19B4D8530038714B /* StoreKit.framework in Frameworks */,
				C43BD63D19B4C5630038714B /* CoreGraphics.framework in Frameworks */,
				C43BD63F19B4C5630038714B /* UIKit.framework in Frameworks */,
				C43BD63B19B4C5630038714B /* Foundation.framework in Frameworks */,
			);
			runOnlyForDeploymentPostprocessing = 0;
		};
		C43BD64F19B4C5630038714B /* Frameworks */ = {
			isa = PBXFrameworksBuildPhase;
			buildActionMask = 2147483647;
			files = (
				C43BD65419B4C5630038714B /* XCTest.framework in Frameworks */,
				C43BD65619B4C5630038714B /* UIKit.framework in Frameworks */,
				C43BD65519B4C5630038714B /* Foundation.framework in Frameworks */,
			);
			runOnlyForDeploymentPostprocessing = 0;
		};
/* End PBXFrameworksBuildPhase section */

/* Begin PBXGroup section */
		C404062219B75E1C00B109DC /* Magazines */ = {
			isa = PBXGroup;
			children = (
				C404068C19B7644E00B109DC /* Reader.pdf */,
			);
			name = Magazines;
			sourceTree = "<group>";
		};
		C404062319B75EE100B109DC /* Reader */ = {
			isa = PBXGroup;
			children = (
				C404066119B75F9800B109DC /* ReaderAssets */,
				C404062419B75F8B00B109DC /* Sources */,
			);
			name = Reader;
			sourceTree = "<group>";
		};
		C404062419B75F8B00B109DC /* Sources */ = {
			isa = PBXGroup;
			children = (
				C404062519B75F8B00B109DC /* CGPDFDocument.h */,
				C404062619B75F8B00B109DC /* CGPDFDocument.m */,
				C404062719B75F8B00B109DC /* ReaderConstants.h */,
				C404062819B75F8B00B109DC /* ReaderConstants.m */,
				C404062919B75F8B00B109DC /* ReaderContentPage.h */,
				C404062A19B75F8B00B109DC /* ReaderContentPage.m */,
				C404062B19B75F8B00B109DC /* ReaderContentTile.h */,
				C404062C19B75F8B00B109DC /* ReaderContentTile.m */,
				C404062D19B75F8B00B109DC /* ReaderContentView.h */,
				C404062E19B75F8B00B109DC /* ReaderContentView.m */,
				C404062F19B75F8B00B109DC /* ReaderDocument.h */,
				C404063019B75F8B00B109DC /* ReaderDocument.m */,
				C404063119B75F8B00B109DC /* ReaderDocumentOutline.h */,
				C404063219B75F8B00B109DC /* ReaderDocumentOutline.m */,
				C404063319B75F8B00B109DC /* ReaderMainPagebar.h */,
				C404063419B75F8B00B109DC /* ReaderMainPagebar.m */,
				C404063519B75F8B00B109DC /* ReaderMainToolbar.h */,
				C404063619B75F8B00B109DC /* ReaderMainToolbar.m */,
				C404063719B75F8B00B109DC /* ReaderThumbCache.h */,
				C404063819B75F8B00B109DC /* ReaderThumbCache.m */,
				C404063919B75F8B00B109DC /* ReaderThumbFetch.h */,
				C404063A19B75F8B00B109DC /* ReaderThumbFetch.m */,
				C404063B19B75F8B00B109DC /* ReaderThumbQueue.h */,
				C404063C19B75F8B00B109DC /* ReaderThumbQueue.m */,
				C404063D19B75F8B00B109DC /* ReaderThumbRender.h */,
				C404063E19B75F8B00B109DC /* ReaderThumbRender.m */,
				C404063F19B75F8B00B109DC /* ReaderThumbRequest.h */,
				C404064019B75F8B00B109DC /* ReaderThumbRequest.m */,
				C404064119B75F8B00B109DC /* ReaderThumbsView.h */,
				C404064219B75F8B00B109DC /* ReaderThumbsView.m */,
				C404064319B75F8B00B109DC /* ReaderThumbView.h */,
				C404064419B75F8B00B109DC /* ReaderThumbView.m */,
				C404064519B75F8B00B109DC /* ReaderViewController.h */,
				C404064619B75F8B00B109DC /* ReaderViewController.m */,
				C404064719B75F8B00B109DC /* ThumbsMainToolbar.h */,
				C404064819B75F8B00B109DC /* ThumbsMainToolbar.m */,
				C404064919B75F8B00B109DC /* ThumbsViewController.h */,
				C404064A19B75F8B00B109DC /* ThumbsViewController.m */,
				C404064B19B75F8B00B109DC /* UIXToolbarView.h */,
				C404064C19B75F8B00B109DC /* UIXToolbarView.m */,
			);
			path = Sources;
			sourceTree = "<group>";
		};
		C404066119B75F9800B109DC /* ReaderAssets */ = {
			isa = PBXGroup;
			children = (
				C404066219B75FB300B109DC /* Reader-Button-H.png */,
				C404066319B75FB300B109DC /* Reader-Button-H@2x.png */,
				C404066419B75FB300B109DC /* Reader-Button-N.png */,
				C404066519B75FB300B109DC /* Reader-Button-N@2x.png */,
				C404066619B75FB300B109DC /* Reader-Email.png */,
				C404066719B75FB300B109DC /* Reader-Email@2x.png */,
				C404066819B75FB300B109DC /* Reader-Mark-N.png */,
				C404066919B75FB300B109DC /* Reader-Mark-N@2x.png */,
				C404066A19B75FB300B109DC /* Reader-Mark-Y.png */,
				C404066B19B75FB300B109DC /* Reader-Mark-Y@2x.png */,
				C404066C19B75FB300B109DC /* Reader-Print.png */,
				C404066D19B75FB300B109DC /* Reader-Print@2x.png */,
				C404066E19B75FB300B109DC /* Reader-Thumbs.png */,
				C404066F19B75FB300B109DC /* Reader-Thumbs@2x.png */,
			);
			name = ReaderAssets;
			sourceTree = "<group>";
		};
		C404068219B7625100B109DC /* PdfReader */ = {
			isa = PBXGroup;
			children = (
				C404068319B7626200B109DC /* ReaderAppDelegate.h */,
				C404068419B7626200B109DC /* ReaderAppDelegate.m */,
				C404068519B7626200B109DC /* ReaderBookDelegate.h */,
				C404068619B7626200B109DC /* ReaderBookDelegate.m */,
				C404068719B7626200B109DC /* ReaderDemoController.h */,
				C404068819B7626200B109DC /* ReaderDemoController.m */,
			);
			name = PdfReader;
			sourceTree = "<group>";
		};
		C43BD62E19B4C5630038714B = {
			isa = PBXGroup;
			children = (
				C43BD66919B4C5AA0038714B /* Storyboard.storyboard */,
				C43BD64019B4C5630038714B /* TradingRisk */,
				C43BD65919B4C5630038714B /* TradingRiskTests */,
				C43BD63919B4C5630038714B /* Frameworks */,
				C43BD63819B4C5630038714B /* Products */,
			);
			sourceTree = "<group>";
		};
		C43BD63819B4C5630038714B /* Products */ = {
			isa = PBXGroup;
			children = (
				C43BD63719B4C5630038714B /* TradingRisk.app */,
				C43BD65219B4C5630038714B /* TradingRiskTests.xctest */,
			);
			name = Products;
			sourceTree = "<group>";
		};
		C43BD63919B4C5630038714B /* Frameworks */ = {
			isa = PBXGroup;
			children = (
				C404068019B7611100B109DC /* ImageIO.framework */,
				C404067E19B7610600B109DC /* MessageUI.framework */,
				C43BD6C719B65C330038714B /* QuartzCore.framework */,
				C43BD66B19B4D8530038714B /* StoreKit.framework */,
				C43BD63A19B4C5630038714B /* Foundation.framework */,
				C43BD63C19B4C5630038714B /* CoreGraphics.framework */,
				C43BD63E19B4C5630038714B /* UIKit.framework */,
				C43BD65319B4C5630038714B /* XCTest.framework */,
			);
			name = Frameworks;
			sourceTree = "<group>";
		};
		C43BD64019B4C5630038714B /* TradingRisk */ = {
			isa = PBXGroup;
			children = (
				C404062219B75E1C00B109DC /* Magazines */,
				C43BD6C919B65E4D0038714B /* Assets */,
				C43BD67919B612080038714B /* Vendor */,
				C43BD67519B4E0530038714B /* Controller */,
				C43BD67119B4DA570038714B /* Api */,
				C43BD66D19B4D8A90038714B /* IAP */,
				C43BD64919B4C5630038714B /* AppDelegate.h */,
				C43BD64A19B4C5630038714B /* AppDelegate.m */,
				C43BD64C19B4C5630038714B /* Images.xcassets */,
				C43BD64119B4C5630038714B /* Supporting Files */,
			);
			path = TradingRisk;
			sourceTree = "<group>";
		};
		C43BD64119B4C5630038714B /* Supporting Files */ = {
			isa = PBXGroup;
			children = (
				C43BD64219B4C5630038714B /* TradingRisk-Info.plist */,
				C43BD64319B4C5630038714B /* InfoPlist.strings */,
				C43BD64619B4C5630038714B /* main.m */,
				C43BD64819B4C5630038714B /* TradingRisk-Prefix.pch */,
			);
			name = "Supporting Files";
			sourceTree = "<group>";
		};
		C43BD65919B4C5630038714B /* TradingRiskTests */ = {
			isa = PBXGroup;
			children = (
				C43BD65F19B4C5630038714B /* TradingRiskTests.m */,
				C43BD65A19B4C5630038714B /* Supporting Files */,
			);
			path = TradingRiskTests;
			sourceTree = "<group>";
		};
		C43BD65A19B4C5630038714B /* Supporting Files */ = {
			isa = PBXGroup;
			children = (
				C43BD65B19B4C5630038714B /* TradingRiskTests-Info.plist */,
				C43BD65C19B4C5630038714B /* InfoPlist.strings */,
			);
			name = "Supporting Files";
			sourceTree = "<group>";
		};
		C43BD66D19B4D8A90038714B /* IAP */ = {
			isa = PBXGroup;
			children = (
				C43BD66E19B4D8BE0038714B /* IAPHelper.h */,
				C43BD66F19B4D8BE0038714B /* IAPHelper.m */,
			);
			name = IAP;
			sourceTree = "<group>";
		};
		C43BD67119B4DA570038714B /* Api */ = {
			isa = PBXGroup;
			children = (
				C43BD67219B4DA7E0038714B /* TradingRiskIAPHelper.h */,
				C43BD67319B4DA7E0038714B /* TradingRiskIAPHelper.m */,
			);
			name = Api;
			sourceTree = "<group>";
		};
		C43BD67519B4E0530038714B /* Controller */ = {
			isa = PBXGroup;
			children = (
				C404068219B7625100B109DC /* PdfReader */,
				C43BD67619B4E0650038714B /* MasterTableViewController.h */,
				C43BD67719B4E0650038714B /* MasterTableViewController.m */,
				C43BD6CC19B6627F0038714B /* MainViewController.h */,
				C43BD6CD19B6627F0038714B /* MainViewController.m */,
				C404068E19B7649700B109DC /* ReadPdfViewController.h */,
				C404068F19B7649700B109DC /* ReadPdfViewController.m */,
			);
			name = Controller;
			sourceTree = "<group>";
		};
		C43BD67919B612080038714B /* Vendor */ = {
			isa = PBXGroup;
			children = (
				C4B953EB19C77F6700485B55 /* PagedImageScrollView */,
				C4AAE75819BE31BD006C1458 /* AFNetworking */,
				C404062319B75EE100B109DC /* Reader */,
				C43BD6C319B65C040038714B /* iCarousel */,
				C43BD67A19B612130038714B /* MBProgressHUD */,
			);
			name = Vendor;
			sourceTree = "<group>";
		};
		C43BD67A19B612130038714B /* MBProgressHUD */ = {
			isa = PBXGroup;
			children = (
				C43BD69C19B612130038714B /* MBProgressHUD.h */,
				C43BD69D19B612140038714B /* MBProgressHUD.m */,
			);
			path = MBProgressHUD;
			sourceTree = "<group>";
		};
		C43BD6C319B65C040038714B /* iCarousel */ = {
			isa = PBXGroup;
			children = (
				C43BD6C419B65C040038714B /* iCarousel.h */,
				C43BD6C519B65C040038714B /* iCarousel.m */,
			);
			path = iCarousel;
			sourceTree = "<group>";
		};
		C43BD6C919B65E4D0038714B /* Assets */ = {
			isa = PBXGroup;
			children = (
				C44E29AE19C20FBD00DAA103 /* banner.png */,
				C4B953EF19C7827300485B55 /* banner2.jpg */,
				C4B953F019C7827300485B55 /* banner3.jpg */,
				C4B953F119C7827300485B55 /* banner4.jpg */,
				C4FD4B5119C355EC00CD2F23 /* descargar.png */,
				C4FD4B5219C355EC00CD2F23 /* read.png */,
				C44E29AC19C2006100DAA103 /* LaunchImageRetina.png */,
				C44E29A819C1FEA600DAA103 /* LaunchImage.png */,
				C43BD6CF19B676B10038714B /* magazine.jpg */,
				C43BD6CA19B65E560038714B /* banner.jpg */,
			);
			name = Assets;
			sourceTree = "<group>";
		};
		C4AAE75819BE31BD006C1458 /* AFNetworking */ = {
			isa = PBXGroup;
			children = (
				C4AAE75919BE31BD006C1458 /* AFHTTPRequestOperation.h */,
				C4AAE75A19BE31BD006C1458 /* AFHTTPRequestOperation.m */,
				C4AAE75B19BE31BD006C1458 /* AFHTTPRequestOperationManager.h */,
				C4AAE75C19BE31BD006C1458 /* AFHTTPRequestOperationManager.m */,
				C4AAE75D19BE31BD006C1458 /* AFHTTPSessionManager.h */,
				C4AAE75E19BE31BD006C1458 /* AFHTTPSessionManager.m */,
				C4AAE75F19BE31BD006C1458 /* AFNetworking.h */,
				C4AAE76019BE31BD006C1458 /* AFNetworkReachabilityManager.h */,
				C4AAE76119BE31BD006C1458 /* AFNetworkReachabilityManager.m */,
				C4AAE76219BE31BD006C1458 /* AFSecurityPolicy.h */,
				C4AAE76319BE31BD006C1458 /* AFSecurityPolicy.m */,
				C4AAE76419BE31BD006C1458 /* AFURLConnectionOperation.h */,
				C4AAE76519BE31BD006C1458 /* AFURLConnectionOperation.m */,
				C4AAE76619BE31BD006C1458 /* AFURLRequestSerialization.h */,
				C4AAE76719BE31BD006C1458 /* AFURLRequestSerialization.m */,
				C4AAE76819BE31BD006C1458 /* AFURLResponseSerialization.h */,
				C4AAE76919BE31BD006C1458 /* AFURLResponseSerialization.m */,
				C4AAE76A19BE31BD006C1458 /* AFURLSessionManager.h */,
				C4AAE76B19BE31BD006C1458 /* AFURLSessionManager.m */,
			);
			path = AFNetworking;
			sourceTree = "<group>";
		};
		C4B953EB19C77F6700485B55 /* PagedImageScrollView */ = {
			isa = PBXGroup;
			children = (
				C4B953EC19C77F7300485B55 /* PagedImageScrollView.h */,
				C4B953ED19C77F7300485B55 /* PagedImageScrollView.m */,
			);
			name = PagedImageScrollView;
			sourceTree = "<group>";
		};
/* End PBXGroup section */

/* Begin PBXNativeTarget section */
		C43BD63619B4C5630038714B /* TradingRisk */ = {
			isa = PBXNativeTarget;
			buildConfigurationList = C43BD66319B4C5630038714B /* Build configuration list for PBXNativeTarget "TradingRisk" */;
			buildPhases = (
				C43BD63319B4C5630038714B /* Sources */,
				C43BD63419B4C5630038714B /* Frameworks */,
				C43BD63519B4C5630038714B /* Resources */,
			);
			buildRules = (
			);
			dependencies = (
			);
			name = TradingRisk;
			productName = TradingRisk;
			productReference = C43BD63719B4C5630038714B /* TradingRisk.app */;
			productType = "com.apple.product-type.application";
		};
		C43BD65119B4C5630038714B /* TradingRiskTests */ = {
			isa = PBXNativeTarget;
			buildConfigurationList = C43BD66619B4C5630038714B /* Build configuration list for PBXNativeTarget "TradingRiskTests" */;
			buildPhases = (
				C43BD64E19B4C5630038714B /* Sources */,
				C43BD64F19B4C5630038714B /* Frameworks */,
				C43BD65019B4C5630038714B /* Resources */,
			);
			buildRules = (
			);
			dependencies = (
				C43BD65819B4C5630038714B /* PBXTargetDependency */,
			);
			name = TradingRiskTests;
			productName = TradingRiskTests;
			productReference = C43BD65219B4C5630038714B /* TradingRiskTests.xctest */;
			productType = "com.apple.product-type.bundle.unit-test";
		};
/* End PBXNativeTarget section */

/* Begin PBXProject section */
		C43BD62F19B4C5630038714B /* Project object */ = {
			isa = PBXProject;
			attributes = {
				LastUpgradeCheck = 0510;
				ORGANIZATIONNAME = Hector;
				TargetAttributes = {
					C43BD65119B4C5630038714B = {
						TestTargetID = C43BD63619B4C5630038714B;
					};
				};
			};
			buildConfigurationList = C43BD63219B4C5630038714B /* Build configuration list for PBXProject "TradingRisk" */;
			compatibilityVersion = "Xcode 3.2";
			developmentRegion = English;
			hasScannedForEncodings = 0;
			knownRegions = (
				en,
			);
			mainGroup = C43BD62E19B4C5630038714B;
			productRefGroup = C43BD63819B4C5630038714B /* Products */;
			projectDirPath = "";
			projectRoot = "";
			targets = (
				C43BD63619B4C5630038714B /* TradingRisk */,
				C43BD65119B4C5630038714B /* TradingRiskTests */,
			);
		};
/* End PBXProject section */

/* Begin PBXResourcesBuildPhase section */
		C43BD63519B4C5630038714B /* Resources */ = {
			isa = PBXResourcesBuildPhase;
			buildActionMask = 2147483647;
			files = (
				C404067A19B75FB300B109DC /* Reader-Print.png in Resources */,
				C44E29AA19C1FEA600DAA103 /* LaunchImage.png in Resources */,
				C404067719B75FB300B109DC /* Reader-Mark-N@2x.png in Resources */,
				C43BD6D019B676B10038714B /* magazine.jpg in Resources */,
				C4B953F419C7827300485B55 /* banner4.jpg in Resources */,
				C4FD4B5319C355EC00CD2F23 /* descargar.png in Resources */,
				C43BD64519B4C5630038714B /* InfoPlist.strings in Resources */,
				C404067D19B75FB300B109DC /* Reader-Thumbs@2x.png in Resources */,
				C404067619B75FB300B109DC /* Reader-Mark-N.png in Resources */,
				C404067319B75FB300B109DC /* Reader-Button-N@2x.png in Resources */,
				C43BD64D19B4C5630038714B /* Images.xcassets in Resources */,
				C404067919B75FB300B109DC /* Reader-Mark-Y@2x.png in Resources */,
				C404067019B75FB300B109DC /* Reader-Button-H.png in Resources */,
				C404067B19B75FB300B109DC /* Reader-Print@2x.png in Resources */,
				C4B953F319C7827300485B55 /* banner3.jpg in Resources */,
				C404067819B75FB300B109DC /* Reader-Mark-Y.png in Resources */,
				C404067C19B75FB300B109DC /* Reader-Thumbs.png in Resources */,
				C404068D19B7644E00B109DC /* Reader.pdf in Resources */,
				C4FD4B5419C355EC00CD2F23 /* read.png in Resources */,
				C404067119B75FB300B109DC /* Reader-Button-H@2x.png in Resources */,
				C404067219B75FB300B109DC /* Reader-Button-N.png in Resources */,
				C44E29AF19C20FBD00DAA103 /* banner.png in Resources */,
				C404067419B75FB300B109DC /* Reader-Email.png in Resources */,
				C43BD66A19B4C5AA0038714B /* Storyboard.storyboard in Resources */,
				C4B953F219C7827300485B55 /* banner2.jpg in Resources */,
				C44E29AD19C2006100DAA103 /* LaunchImageRetina.png in Resources */,
				C43BD6CB19B65E560038714B /* banner.jpg in Resources */,
				C404067519B75FB300B109DC /* Reader-Email@2x.png in Resources */,
			);
			runOnlyForDeploymentPostprocessing = 0;
		};
		C43BD65019B4C5630038714B /* Resources */ = {
			isa = PBXResourcesBuildPhase;
			buildActionMask = 2147483647;
			files = (
				C43BD65E19B4C5630038714B /* InfoPlist.strings in Resources */,
			);
			runOnlyForDeploymentPostprocessing = 0;
		};
/* End PBXResourcesBuildPhase section */

/* Begin PBXSourcesBuildPhase section */
		C43BD63319B4C5630038714B /* Sources */ = {
			isa = PBXSourcesBuildPhase;
			buildActionMask = 2147483647;
			files = (
				C404065619B75F8B00B109DC /* ReaderThumbCache.m in Sources */,
				C404065A19B75F8B00B109DC /* ReaderThumbRequest.m in Sources */,
				C404065C19B75F8B00B109DC /* ReaderThumbView.m in Sources */,
				C404065E19B75F8B00B109DC /* ThumbsMainToolbar.m in Sources */,
				C4AAE77119BE31BD006C1458 /* AFURLConnectionOperation.m in Sources */,
				C404065319B75F8B00B109DC /* ReaderDocumentOutline.m in Sources */,
				C4AAE77419BE31BD006C1458 /* AFURLSessionManager.m in Sources */,
				C4AAE77219BE31BD006C1458 /* AFURLRequestSerialization.m in Sources */,
				C404065D19B75F8B00B109DC /* ReaderViewController.m in Sources */,
				C43BD67819B4E0650038714B /* MasterTableViewController.m in Sources */,
				C404069019B7649700B109DC /* ReadPdfViewController.m in Sources */,
				C4AAE77019BE31BD006C1458 /* AFSecurityPolicy.m in Sources */,
				C404068B19B7626200B109DC /* ReaderDemoController.m in Sources */,
				C404065519B75F8B00B109DC /* ReaderMainToolbar.m in Sources */,
				C4AAE76F19BE31BD006C1458 /* AFNetworkReachabilityManager.m in Sources */,
				C4AAE77319BE31BD006C1458 /* AFURLResponseSerialization.m in Sources */,
				C43BD64B19B4C5630038714B /* AppDelegate.m in Sources */,
				C404064E19B75F8B00B109DC /* ReaderConstants.m in Sources */,
				C4AAE76E19BE31BD006C1458 /* AFHTTPSessionManager.m in Sources */,
				C43BD67419B4DA7E0038714B /* TradingRiskIAPHelper.m in Sources */,
				C404066019B75F8B00B109DC /* UIXToolbarView.m in Sources */,
				C43BD6CE19B6627F0038714B /* MainViewController.m in Sources */,
				C404065219B75F8B00B109DC /* ReaderDocument.m in Sources */,
				C404068A19B7626200B109DC /* ReaderBookDelegate.m in Sources */,
				C404065819B75F8B00B109DC /* ReaderThumbQueue.m in Sources */,
				C404068919B7626200B109DC /* ReaderAppDelegate.m in Sources */,
				C43BD6B919B612140038714B /* MBProgressHUD.m in Sources */,
				C404065419B75F8B00B109DC /* ReaderMainPagebar.m in Sources */,
				C4AAE76C19BE31BD006C1458 /* AFHTTPRequestOperation.m in Sources */,
				C404065019B75F8B00B109DC /* ReaderContentTile.m in Sources */,
				C404065119B75F8B00B109DC /* ReaderContentView.m in Sources */,
				C43BD67019B4D8BE0038714B /* IAPHelper.m in Sources */,
				C43BD6C619B65C040038714B /* iCarousel.m in Sources */,
				C404065F19B75F8B00B109DC /* ThumbsViewController.m in Sources */,
				C43BD64719B4C5630038714B /* main.m in Sources */,
				C404065719B75F8B00B109DC /* ReaderThumbFetch.m in Sources */,
				C404065B19B75F8B00B109DC /* ReaderThumbsView.m in Sources */,
				C404064F19B75F8B00B109DC /* ReaderContentPage.m in Sources */,
				C404065919B75F8B00B109DC /* ReaderThumbRender.m in Sources */,
				C4B953EE19C77F7300485B55 /* PagedImageScrollView.m in Sources */,
				C4AAE76D19BE31BD006C1458 /* AFHTTPRequestOperationManager.m in Sources */,
				C404064D19B75F8B00B109DC /* CGPDFDocument.m in Sources */,
			);
			runOnlyForDeploymentPostprocessing = 0;
		};
		C43BD64E19B4C5630038714B /* Sources */ = {
			isa = PBXSourcesBuildPhase;
			buildActionMask = 2147483647;
			files = (
				C43BD66019B4C5630038714B /* TradingRiskTests.m in Sources */,
			);
			runOnlyForDeploymentPostprocessing = 0;
		};
/* End PBXSourcesBuildPhase section */

/* Begin PBXTargetDependency section */
		C43BD65819B4C5630038714B /* PBXTargetDependency */ = {
			isa = PBXTargetDependency;
			target = C43BD63619B4C5630038714B /* TradingRisk */;
			targetProxy = C43BD65719B4C5630038714B /* PBXContainerItemProxy */;
		};
/* End PBXTargetDependency section */

/* Begin PBXVariantGroup section */
		C43BD64319B4C5630038714B /* InfoPlist.strings */ = {
			isa = PBXVariantGroup;
			children = (
				C43BD64419B4C5630038714B /* en */,
			);
			name = InfoPlist.strings;
			sourceTree = "<group>";
		};
		C43BD65C19B4C5630038714B /* InfoPlist.strings */ = {
			isa = PBXVariantGroup;
			children = (
				C43BD65D19B4C5630038714B /* en */,
			);
			name = InfoPlist.strings;
			sourceTree = "<group>";
		};
/* End PBXVariantGroup section */

/* Begin XCBuildConfiguration section */
		C43BD66119B4C5630038714B /* Debug */ = {
			isa = XCBuildConfiguration;
			buildSettings = {
				ALWAYS_SEARCH_USER_PATHS = NO;
				CLANG_CXX_LANGUAGE_STANDARD = "gnu++0x";
				CLANG_CXX_LIBRARY = "libc++";
				CLANG_ENABLE_MODULES = YES;
				CLANG_ENABLE_OBJC_ARC = YES;
				CLANG_WARN_BOOL_CONVERSION = YES;
				CLANG_WARN_CONSTANT_CONVERSION = YES;
				CLANG_WARN_DIRECT_OBJC_ISA_USAGE = YES_ERROR;
				CLANG_WARN_EMPTY_BODY = YES;
				CLANG_WARN_ENUM_CONVERSION = YES;
				CLANG_WARN_INT_CONVERSION = YES;
				CLANG_WARN_OBJC_ROOT_CLASS = YES_ERROR;
				CLANG_WARN__DUPLICATE_METHOD_MATCH = YES;
				"CODE_SIGN_IDENTITY[sdk=iphoneos*]" = "iPhone Developer";
				COPY_PHASE_STRIP = NO;
				GCC_C_LANGUAGE_STANDARD = gnu99;
				GCC_DYNAMIC_NO_PIC = NO;
				GCC_OPTIMIZATION_LEVEL = 0;
				GCC_PREPROCESSOR_DEFINITIONS = (
					"DEBUG=1",
					"$(inherited)",
				);
				GCC_SYMBOLS_PRIVATE_EXTERN = NO;
				GCC_WARN_64_TO_32_BIT_CONVERSION = YES;
				GCC_WARN_ABOUT_RETURN_TYPE = YES_ERROR;
				GCC_WARN_UNDECLARED_SELECTOR = YES;
				GCC_WARN_UNINITIALIZED_AUTOS = YES_AGGRESSIVE;
				GCC_WARN_UNUSED_FUNCTION = YES;
				GCC_WARN_UNUSED_VARIABLE = YES;
				IPHONEOS_DEPLOYMENT_TARGET = 7.1;
				ONLY_ACTIVE_ARCH = YES;
				SDKROOT = iphoneos;
			};
			name = Debug;
		};
		C43BD66219B4C5630038714B /* Release */ = {
			isa = XCBuildConfiguration;
			buildSettings = {
				ALWAYS_SEARCH_USER_PATHS = NO;
				CLANG_CXX_LANGUAGE_STANDARD = "gnu++0x";
				CLANG_CXX_LIBRARY = "libc++";
				CLANG_ENABLE_MODULES = YES;
				CLANG_ENABLE_OBJC_ARC = YES;
				CLANG_WARN_BOOL_CONVERSION = YES;
				CLANG_WARN_CONSTANT_CONVERSION = YES;
				CLANG_WARN_DIRECT_OBJC_ISA_USAGE = YES_ERROR;
				CLANG_WARN_EMPTY_BODY = YES;
				CLANG_WARN_ENUM_CONVERSION = YES;
				CLANG_WARN_INT_CONVERSION = YES;
				CLANG_WARN_OBJC_ROOT_CLASS = YES_ERROR;
				CLANG_WARN__DUPLICATE_METHOD_MATCH = YES;
				"CODE_SIGN_IDENTITY[sdk=iphoneos*]" = "iPhone Developer";
				COPY_PHASE_STRIP = YES;
				ENABLE_NS_ASSERTIONS = NO;
				GCC_C_LANGUAGE_STANDARD = gnu99;
				GCC_WARN_64_TO_32_BIT_CONVERSION = YES;
				GCC_WARN_ABOUT_RETURN_TYPE = YES_ERROR;
				GCC_WARN_UNDECLARED_SELECTOR = YES;
				GCC_WARN_UNINITIALIZED_AUTOS = YES_AGGRESSIVE;
				GCC_WARN_UNUSED_FUNCTION = YES;
				GCC_WARN_UNUSED_VARIABLE = YES;
				IPHONEOS_DEPLOYMENT_TARGET = 7.1;
				SDKROOT = iphoneos;
				VALIDATE_PRODUCT = YES;
			};
			name = Release;
		};
		C43BD66419B4C5630038714B /* Debug */ = {
			isa = XCBuildConfiguration;
			buildSettings = {
				ASSETCATALOG_COMPILER_APPICON_NAME = AppIcon;
				CODE_SIGN_IDENTITY = "iPhone Developer";
				GCC_PRECOMPILE_PREFIX_HEADER = YES;
				GCC_PREFIX_HEADER = "TradingRisk/TradingRisk-Prefix.pch";
				INFOPLIST_FILE = "TradingRisk/TradingRisk-Info.plist";
				PRODUCT_NAME = "$(TARGET_NAME)";
				WRAPPER_EXTENSION = app;
			};
			name = Debug;
		};
		C43BD66519B4C5630038714B /* Release */ = {
			isa = XCBuildConfiguration;
			buildSettings = {
				ASSETCATALOG_COMPILER_APPICON_NAME = AppIcon;
				CODE_SIGN_IDENTITY = "iPhone Developer";
				GCC_PRECOMPILE_PREFIX_HEADER = YES;
				GCC_PREFIX_HEADER = "TradingRisk/TradingRisk-Prefix.pch";
				INFOPLIST_FILE = "TradingRisk/TradingRisk-Info.plist";
				PRODUCT_NAME = "$(TARGET_NAME)";
				WRAPPER_EXTENSION = app;
			};
			name = Release;
		};
		C43BD66719B4C5630038714B /* Debug */ = {
			isa = XCBuildConfiguration;
			buildSettings = {
				BUNDLE_LOADER = "$(BUILT_PRODUCTS_DIR)/TradingRisk.app/TradingRisk";
				FRAMEWORK_SEARCH_PATHS = (
					"$(SDKROOT)/Developer/Library/Frameworks",
					"$(inherited)",
					"$(DEVELOPER_FRAMEWORKS_DIR)",
				);
				GCC_PRECOMPILE_PREFIX_HEADER = YES;
				GCC_PREFIX_HEADER = "TradingRisk/TradingRisk-Prefix.pch";
				GCC_PREPROCESSOR_DEFINITIONS = (
					"DEBUG=1",
					"$(inherited)",
				);
				INFOPLIST_FILE = "TradingRiskTests/TradingRiskTests-Info.plist";
				PRODUCT_NAME = "$(TARGET_NAME)";
				TEST_HOST = "$(BUNDLE_LOADER)";
				WRAPPER_EXTENSION = xctest;
			};
			name = Debug;
		};
		C43BD66819B4C5630038714B /* Release */ = {
			isa = XCBuildConfiguration;
			buildSettings = {
				BUNDLE_LOADER = "$(BUILT_PRODUCTS_DIR)/TradingRisk.app/TradingRisk";
				FRAMEWORK_SEARCH_PATHS = (
					"$(SDKROOT)/Developer/Library/Frameworks",
					"$(inherited)",
					"$(DEVELOPER_FRAMEWORKS_DIR)",
				);
				GCC_PRECOMPILE_PREFIX_HEADER = YES;
				GCC_PREFIX_HEADER = "TradingRisk/TradingRisk-Prefix.pch";
				INFOPLIST_FILE = "TradingRiskTests/TradingRiskTests-Info.plist";
				PRODUCT_NAME = "$(TARGET_NAME)";
				TEST_HOST = "$(BUNDLE_LOADER)";
				WRAPPER_EXTENSION = xctest;
			};
			name = Release;
		};
/* End XCBuildConfiguration section */

/* Begin XCConfigurationList section */
		C43BD63219B4C5630038714B /* Build configuration list for PBXProject "TradingRisk" */ = {
			isa = XCConfigurationList;
			buildConfigurations = (
				C43BD66119B4C5630038714B /* Debug */,
				C43BD66219B4C5630038714B /* Release */,
			);
			defaultConfigurationIsVisible = 0;
			defaultConfigurationName = Release;
		};
		C43BD66319B4C5630038714B /* Build configuration list for PBXNativeTarget "TradingRisk" */ = {
			isa = XCConfigurationList;
			buildConfigurations = (
				C43BD66419B4C5630038714B /* Debug */,
				C43BD66519B4C5630038714B /* Release */,
			);
			defaultConfigurationIsVisible = 0;
			defaultConfigurationName = Release;
		};
		C43BD66619B4C5630038714B /* Build configuration list for PBXNativeTarget "TradingRiskTests" */ = {
			isa = XCConfigurationList;
			buildConfigurations = (
				C43BD66719B4C5630038714B /* Debug */,
				C43BD66819B4C5630038714B /* Release */,
			);
			defaultConfigurationIsVisible = 0;
			defaultConfigurationName = Release;
		};
/* End XCConfigurationList section */
	};
	rootObject = C43BD62F19B4C5630038714B /* Project object */;
}
